
Microsoft Visual Studio Solution File, Format Version 12.00
# Visual Studio Version 16
VisualStudioVersion = 25.0.1706.10
MinimumVisualStudioVersion = 10.0.40219.1
Project("{FAE04EC0-301F-11D3-BF4B-00C04F79EFBC}") = "grpcServer", "grpcServer.csproj", "{F3E5E8DA-EA33-4E84-9689-6409807CECE4}"
EndProject
Global
	GlobalSection(SolutionConfigurationPlatforms) = preSolution
		Debug|Any CPU = Debug|Any CPU
		Release|Any CPU = Release|Any CPU
	EndGlobalSection
	GlobalSection(ProjectConfigurationPlatforms) = postSolution
		{F3E5E8DA-EA33-4E84-9689-6409807CECE4}.Debug|Any CPU.ActiveCfg = Debug|Any CPU
		{F3E5E8DA-EA33-4E84-9689-6409807CECE4}.Debug|Any CPU.Build.0 = Debug|Any CPU
		{F3E5E8DA-EA33-4E84-9689-6409807CECE4}.Release|Any CPU.ActiveCfg = Release|Any CPU
		{F3E5E8DA-EA33-4E84-9689-6409807CECE4}.Release|Any CPU.Build.0 = Release|Any CPU
	EndGlobalSection
	GlobalSection(SolutionProperties) = preSolution
		HideSolutionNode = FALSE
	EndGlobalSection
	GlobalSection(ExtensibilityGlobals) = postSolution
		SolutionGuid = {312493F6-0248-4435-9DD6-F0F438537AA4}
	EndGlobalSection
EndGlobal
